{
  "name": "@packages/cli-client",
  "lockfileVersion": 3,
  "requires": true,
  "packages": {
    "": {
      "name": "@packages/cli-client",
      "dependencies": {
        "@trpc/client": "^11.3.1"
      },
      "devDependencies": {
        "@types/node": "^24.0.0"
      }
    },
    "../../node_modules/.pnpm/@trpc+client@11.3.1_@trpc+server@11.3.1_typescript@5.8.3__typescript@5.8.3/node_modules/@trpc/client": {
      "version": "11.3.1",
      "funding": [
        "https://trpc.io/sponsor"
      ],
      "license": "MIT",
      "devDependencies": {
        "@trpc/server": "11.3.1",
        "@types/isomorphic-fetch": "^0.0.39",
        "@types/node": "^22.13.5",
        "dataloader": "^2.2.2",
        "eslint": "^9.26.0",
        "isomorphic-fetch": "^3.0.0",
        "node-fetch": "^3.3.0",
        "rollup": "^4.34.8",
        "tslib": "^2.8.1",
        "tsx": "^4.19.3",
        "typescript": "^5.8.2",
        "undici": "^7.0.0",
        "ws": "^8.0.0"
      },
      "peerDependencies": {
        "@trpc/server": "11.3.1",
        "typescript": ">=5.7.2"
      }
    },
    "node_modules/@trpc/client": {
      "resolved": "../../node_modules/.pnpm/@trpc+client@11.3.1_@trpc+server@11.3.1_typescript@5.8.3__typescript@5.8.3/node_modules/@trpc/client",
      "link": true
    },
    "node_modules/@types/node": {
      "version": "24.0.0",
      "resolved": "https://registry.npmjs.org/@types/node/-/node-24.0.0.tgz",
      "integrity": "sha512-yZQa2zm87aRVcqDyH5+4Hv9KYgSdgwX1rFnGvpbzMaC7YAljmhBET93TPiTd3ObwTL+gSpIzPKg5BqVxdCvxKg==",
      "dev": true,
      "dependencies": {
        "undici-types": "~7.8.0"
      }
    },
    "node_modules/undici-types": {
      "version": "7.8.0",
      "resolved": "https://registry.npmjs.org/undici-types/-/undici-types-7.8.0.tgz",
      "integrity": "sha512-9UJ2xGDvQ43tYyVMpuHlsgApydB8ZKfVYTsLDhXkFL/6gfkp+U8xTGdh8pMJv1SpZna0zxG1DwsKZsreLbXBxw==",
      "dev": true
    }
  }
}
